// !$*UTF8*$!
{
	archiveVersion = 1;
	classes = {
	};
	objectVersion = 46;
	objects = {

/* Begin PBXBuildFile section */
		200AFA921CF170940079CCC3 /* AppDelegate.swift in Sources */ = {isa = PBXBuildFile; fileRef = 200AFA911CF170940079CCC3 /* AppDelegate.swift */; };
		200AFA941CF170940079CCC3 /* ViewController.swift in Sources */ = {isa = PBXBuildFile; fileRef = 200AFA931CF170940079CCC3 /* ViewController.swift */; };
		200AFA971CF170940079CCC3 /* Main.storyboard in Resources */ = {isa = PBXBuildFile; fileRef = 200AFA951CF170940079CCC3 /* Main.storyboard */; };
		200AFA991CF170940079CCC3 /* Assets.xcassets in Resources */ = {isa = PBXBuildFile; fileRef = 200AFA981CF170940079CCC3 /* Assets.xcassets */; };
		200AFA9C1CF170940079CCC3 /* LaunchScreen.storyboard in Resources */ = {isa = PBXBuildFile; fileRef = 200AFA9A1CF170940079CCC3 /* LaunchScreen.storyboard */; };
		200AFAA71CF170940079CCC3 /* Intro4Tests.swift in Sources */ = {isa = PBXBuildFile; fileRef = 200AFAA61CF170940079CCC3 /* Intro4Tests.swift */; };
/* End PBXBuildFile section */

/* Begin PBXContainerItemProxy section */
		200AFAA31CF170940079CCC3 /* PBXContainerItemProxy */ = {
			isa = PBXContainerItemProxy;
			containerPortal = 200AFA861CF170940079CCC3 /* Project object */;
			proxyType = 1;
			remoteGlobalIDString = 200AFA8D1CF170940079CCC3;
			remoteInfo = Intro4;
		};
/* End PBXContainerItemProxy section */

/* Begin PBXFileReference section */
		200AFA8E1CF170940079CCC3 /* Intro4.app */ = {isa = PBXFileReference; explicitFileType = wrapper.application; includeInIndex = 0; path = Intro4.app; sourceTree = BUILT_PRODUCTS_DIR; };
		200AFA911CF170940079CCC3 /* AppDelegate.swift */ = {isa = PBXFileReference; lastKnownFileType = sourcecode.swift; path = AppDelegate.swift; sourceTree = "<group>"; };
		200AFA931CF170940079CCC3 /* ViewController.swift */ = {isa = PBXFileReference; lastKnownFileType = sourcecode.swift; path = ViewController.swift; sourceTree = "<group>"; };
		200AFA961CF170940079CCC3 /* Base */ = {isa = PBXFileReference; lastKnownFileType = file.storyboard; name = Base; path = Base.lproj/Main.storyboard; sourceTree = "<group>"; };
		200AFA981CF170940079CCC3 /* Assets.xcassets */ = {isa = PBXFileReference; lastKnownFileType = folder.assetcatalog; path = Assets.xcassets; sourceTree = "<group>"; };
		200AFA9B1CF170940079CCC3 /* Base */ = {isa = PBXFileReference; lastKnownFileType = file.storyboard; name = Base; path = Base.lproj/LaunchScreen.storyboard; sourceTree = "<group>"; };
		200AFA9D1CF170940079CCC3 /* Info.plist */ = {isa = PBXFileReference; lastKnownFileType = text.plist.xml; path = Info.plist; sourceTree = "<group>"; };
		200AFAA21CF170940079CCC3 /* Intro4Tests.xctest */ = {isa = PBXFileReference; explicitFileType = wrapper.cfbundle; includeInIndex = 0; path = Intro4Tests.xctest; sourceTree = BUILT_PRODUCTS_DIR; };
		200AFAA61CF170940079CCC3 /* Intro4Tests.swift */ = {isa = PBXFileReference; lastKnownFileType = sourcecode.swift; path = Intro4Tests.swift; sourceTree = "<group>"; };
		200AFAA81CF170940079CCC3 /* Info.plist */ = {isa = PBXFileReference; lastKnownFileType = text.plist.xml; path = Info.plist; sourceTree = "<group>"; };
/* End PBXFileReference section */

/* Begin PBXFrameworksBuildPhase section */
		200AFA8B1CF170940079CCC3 /* Frameworks */ = {
			isa = PBXFrameworksBuildPhase;
			buildActionMask = 2147483647;
			files = (
			);
			runOnlyForDeploymentPostprocessing = 0;
		};
		200AFA9F1CF170940079CCC3 /* Frameworks */ = {
			isa = PBXFrameworksBuildPhase;
			buildActionMask = 2147483647;
			files = (
			);
			runOnlyForDeploymentPostprocessing = 0;
		};
/* End PBXFrameworksBuildPhase section */

/* Begin PBXGroup section */
		200AFA851CF170940079CCC3 = {
			isa = PBXGroup;
			children = (
				200AFA901CF170940079CCC3 /* Intro4 */,
				200AFAA51CF170940079CCC3 /* Intro4Tests */,
				200AFA8F1CF170940079CCC3 /* Products */,
			);
			sourceTree = "<group>";
		};
		200AFA8F1CF170940079CCC3 /* Products */ = {
			isa = PBXGroup;
			children = (
				200AFA8E1CF170940079CCC3 /* Intro4.app */,
				200AFAA21CF170940079CCC3 /* Intro4Tests.xctest */,
			);
			name = Products;
			sourceTree = "<group>";
		};
		200AFA901CF170940079CCC3 /* Intro4 */ = {
			isa = PBXGroup;
			children = (
				200AFA911CF170940079CCC3 /* AppDelegate.swift */,
				200AFA931CF170940079CCC3 /* ViewController.swift */,
				200AFA951CF170940079CCC3 /* Main.storyboard */,
				200AFA981CF170940079CCC3 /* Assets.xcassets */,
				200AFA9A1CF170940079CCC3 /* LaunchScreen.storyboard */,
				200AFA9D1CF170940079CCC3 /* Info.plist */,
			);
			path = Intro4;
			sourceTree = "<group>";
		};
		200AFAA51CF170940079CCC3 /* Intro4Tests */ = {
			isa = PBXGroup;
			children = (
				200AFAA61CF170940079CCC3 /* Intro4Tests.swift */,
				200AFAA81CF170940079CCC3 /* Info.plist */,
			);
			path = Intro4Tests;
			sourceTree = "<group>";
		};
/* End PBXGroup section */

/* Begin PBXNativeTarget section */
		200AFA8D1CF170940079CCC3 /* Intro4 */ = {
			isa = PBXNativeTarget;
			buildConfigurationList = 200AFAAB1CF170940079CCC3 /* Build configuration list for PBXNativeTarget "Intro4" */;
			buildPhases = (
				200AFA8A1CF170940079CCC3 /* Sources */,
				200AFA8B1CF170940079CCC3 /* Frameworks */,
				200AFA8C1CF170940079CCC3 /* Resources */,
			);
			buildRules = (
			);
			dependencies = (
			);
			name = Intro4;
			productName = Intro4;
			productReference = 200AFA8E1CF170940079CCC3 /* Intro4.app */;
			productType = "com.apple.product-type.application";
		};
		200AFAA11CF170940079CCC3 /* Intro4Tests */ = {
			isa = PBXNativeTarget;
			buildConfigurationList = 200AFAAE1CF170940079CCC3 /* Build configuration list for PBXNativeTarget "Intro4Tests" */;
			buildPhases = (
				200AFA9E1CF170940079CCC3 /* Sources */,
				200AFA9F1CF170940079CCC3 /* Frameworks */,
				200AFAA01CF170940079CCC3 /* Resources */,
			);
			buildRules = (
			);
			dependencies = (
				200AFAA41CF170940079CCC3 /* PBXTargetDependency */,
			);
			name = Intro4Tests;
			productName = Intro4Tests;
			productReference = 200AFAA21CF170940079CCC3 /* Intro4Tests.xctest */;
			productType = "com.apple.product-type.bundle.unit-test";
		};
/* End PBXNativeTarget section */

/* Begin PBXProject section */
		200AFA861CF170940079CCC3 /* Project object */ = {
			isa = PBXProject;
			attributes = {
				LastSwiftUpdateCheck = 0730;
				LastUpgradeCheck = 0920;
				ORGANIZATIONNAME = SwiftiCode;
				TargetAttributes = {
					200AFA8D1CF170940079CCC3 = {
						CreatedOnToolsVersion = 7.3.1;
						LastSwiftMigration = 0920;
					};
					200AFAA11CF170940079CCC3 = {
						CreatedOnToolsVersion = 7.3.1;
						DevelopmentTeam = 3E3L6L75YM;
						LastSwiftMigration = 0920;
						TestTargetID = 200AFA8D1CF170940079CCC3;
					};
				};
			};
			buildConfigurationList = 200AFA891CF170940079CCC3 /* Build configuration list for PBXProject "Intro4" */;
			compatibilityVersion = "Xcode 3.2";
			developmentRegion = English;
			hasScannedForEncodings = 0;
			knownRegions = (
				en,
				Base,
			);
			mainGroup = 200AFA851CF170940079CCC3;
			productRefGroup = 200AFA8F1CF170940079CCC3 /* Products */;
			projectDirPath = "";
			projectRoot = "";
			targets = (
				200AFA8D1CF170940079CCC3 /* Intro4 */,
				200AFAA11CF170940079CCC3 /* Intro4Tests */,
			);
		};
/* End PBXProject section */

/* Begin PBXResourcesBuildPhase section */
		200AFA8C1CF170940079CCC3 /* Resources */ = {
			isa = PBXResourcesBuildPhase;
			buildActionMask = 2147483647;
			files = (
				200AFA9C1CF170940079CCC3 /* LaunchScreen.storyboard in Resources */,
				200AFA991CF170940079CCC3 /* Assets.xcassets in Resources */,
				200AFA971CF170940079CCC3 /* Main.storyboard in Resources */,
			);
			runOnlyForDeploymentPostprocessing = 0;
		};
		200AFAA01CF170940079CCC3 /* Resources */ = {
			isa = PBXResourcesBuildPhase;
			buildActionMask = 2147483647;
			files = (
			);
			runOnlyForDeploymentPostprocessing = 0;
		};
/* End PBXResourcesBuildPhase section */

/* Begin PBXSourcesBuildPhase section */
		200AFA8A1CF170940079CCC3 /* Sources */ = {
			isa = PBXSourcesBuildPhase;
			buildActionMask = 2147483647;
			files = (
				200AFA941CF170940079CCC3 /* ViewController.swift in Sources */,
				200AFA921CF170940079CCC3 /* AppDelegate.swift in Sources */,
			);
			runOnlyForDeploymentPostprocessing = 0;
		};
		200AFA9E1CF170940079CCC3 /* Sources */ = {
			isa = PBXSourcesBuildPhase;
			buildActionMask = 2147483647;
			files = (
				200AFAA71CF170940079CCC3 /* Intro4Tests.swift in Sources */,
			);
			runOnlyForDeploymentPostprocessing = 0;
		};
/* End PBXSourcesBuildPhase section */

/* Begin PBXTargetDependency section */
		200AFAA41CF170940079CCC3 /* PBXTargetDependency */ = {
			isa = PBXTargetDependency;
			target = 200AFA8D1CF170940079CCC3 /* Intro4 */;
			targetProxy = 200AFAA31CF170940079CCC3 /* PBXContainerItemProxy */;
		};
/* End PBXTargetDependency section */

/* Begin PBXVariantGroup section */
		200AFA951CF170940079CCC3 /* Main.storyboard */ = {
			isa = PBXVariantGroup;
			children = (
				200AFA961CF170940079CCC3 /* Base */,
			);
			name = Main.storyboard;
			sourceTree = "<group>";
		};
		200AFA9A1CF170940079CCC3 /* LaunchScreen.storyboard */ = {
			isa = PBXVariantGroup;
			children = (
				200AFA9B1CF170940079CCC3 /* Base */,
			);
			name = LaunchScreen.storyboard;
			sourceTree = "<group>";
		};
/* End PBXVariantGroup section */

/* Begin XCBuildConfiguration section */
		200AFAA91CF170940079CCC3 /* Debug */ = {
			isa = XCBuildConfiguration;
			buildSettings = {
				ALWAYS_SEARCH_USER_PATHS = NO;
				CLANG_ANALYZER_NONNULL = YES;
				CLANG_CXX_LANGUAGE_STANDARD = "gnu++0x";
				CLANG_CXX_LIBRARY = "libc++";
				CLANG_ENABLE_MODULES = YES;
				CLANG_ENABLE_OBJC_ARC = YES;
				CLANG_WARN_BLOCK_CAPTURE_AUTORELEASING = YES;
				CLANG_WARN_BOOL_CONVERSION = YES;
				CLANG_WARN_COMMA = YES;
				CLANG_WARN_CONSTANT_CONVERSION = YES;
				CLANG_WARN_DIRECT_OBJC_ISA_USAGE = YES_ERROR;
				CLANG_WARN_EMPTY_BODY = YES;
				CLANG_WARN_ENUM_CONVERSION = YES;
				CLANG_WARN_INFINITE_RECURSION = YES;
				CLANG_WARN_INT_CONVERSION = YES;
				CLANG_WARN_NON_LITERAL_NULL_CONVERSION = YES;
				CLANG_WARN_OBJC_LITERAL_CONVERSION = YES;
				CLANG_WARN_OBJC_ROOT_CLASS = YES_ERROR;
				CLANG_WARN_RANGE_LOOP_ANALYSIS = YES;
				CLANG_WARN_STRICT_PROTOTYPES = YES;
				CLANG_WARN_SUSPICIOUS_MOVE = YES;
				CLANG_WARN_UNREACHABLE_CODE = YES;
				CLANG_WARN__DUPLICATE_METHOD_MATCH = YES;
				"CODE_SIGN_IDENTITY[sdk=iphoneos*]" = "iPhone Developer";
				COPY_PHASE_STRIP = NO;
				DEBUG_INFORMATION_FORMAT = dwarf;
				ENABLE_STRICT_OBJC_MSGSEND = YES;
				ENABLE_TESTABILITY = YES;
				GCC_C_LANGUAGE_STANDARD = gnu99;
				GCC_DYNAMIC_NO_PIC = NO;
				GCC_NO_COMMON_BLOCKS = YES;
				GCC_OPTIMIZATION_LEVEL = 0;
				GCC_PREPROCESSOR_DEFINITIONS = (
					"DEBUG=1",
					"$(inherited)",
				);
				GCC_WARN_64_TO_32_BIT_CONVERSION = YES;
				GCC_WARN_ABOUT_RETURN_TYPE = YES_ERROR;
				GCC_WARN_UNDECLARED_SELECTOR = YES;
				GCC_WARN_UNINITIALIZED_AUTOS = YES_AGGRESSIVE;
				GCC_WARN_UNUSED_FUNCTION = YES;
				GCC_WARN_UNUSED_VARIABLE = YES;
				IPHONEOS_DEPLOYMENT_TARGET = 9.3;
				MTL_ENABLE_DEBUG_INFO = YES;
				ONLY_ACTIVE_ARCH = YES;
				SDKROOT = iphoneos;
				SWIFT_OPTIMIZATION_LEVEL = "-Onone";
				TARGETED_DEVICE_FAMILY = "1,2";
			};
			name = Debug;
		};
		200AFAAA1CF170940079CCC3 /* Release */ = {
			isa = XCBuildConfiguration;
			buildSettings = {
				ALWAYS_SEARCH_USER_PATHS = NO;
				CLANG_ANALYZER_NONNULL = YES;
				CLANG_CXX_LANGUAGE_STANDARD = "gnu++0x";
				CLANG_CXX_LIBRARY = "libc++";
				CLANG_ENABLE_MODULES = YES;
				CLANG_ENABLE_OBJC_ARC = YES;
				CLANG_WARN_BLOCK_CAPTURE_AUTORELEASING = YES;
				CLANG_WARN_BOOL_CONVERSION = YES;
				CLANG_WARN_COMMA = YES;
				CLANG_WARN_CONSTANT_CONVERSION = YES;
				CLANG_WARN_DIRECT_OBJC_ISA_USAGE = YES_ERROR;
				CLANG_WARN_EMPTY_BODY = YES;
				CLANG_WARN_ENUM_CONVERSION = YES;
				CLANG_WARN_INFINITE_RECURSION = YES;
				CLANG_WARN_INT_CONVERSION = YES;
				CLANG_WARN_NON_LITERAL_NULL_CONVERSION = YES;
				CLANG_WARN_OBJC_LITERAL_CONVERSION = YES;
				CLANG_WARN_OBJC_ROOT_CLASS = YES_ERROR;
				CLANG_WARN_RANGE_LOOP_ANALYSIS = YES;
				CLANG_WARN_STRICT_PROTOTYPES = YES;
				CLANG_WARN_SUSPICIOUS_MOVE = YES;
				CLANG_WARN_UNREACHABLE_CODE = YES;
				CLANG_WARN__DUPLICATE_METHOD_MATCH = YES;
				"CODE_SIGN_IDENTITY[sdk=iphoneos*]" = "iPhone Developer";
				COPY_PHASE_STRIP = NO;
				DEBUG_INFORMATION_FORMAT = "dwarf-with-dsym";
				ENABLE_NS_ASSERTIONS = NO;
				ENABLE_STRICT_OBJC_MSGSEND = YES;
				GCC_C_LANGUAGE_STANDARD = gnu99;
				GCC_NO_COMMON_BLOCKS = YES;
				GCC_WARN_64_TO_32_BIT_CONVERSION = YES;
				GCC_WARN_ABOUT_RETURN_TYPE = YES_ERROR;
				GCC_WARN_UNDECLARED_SELECTOR = YES;
				GCC_WARN_UNINITIALIZED_AUTOS = YES_AGGRESSIVE;
				GCC_WARN_UNUSED_FUNCTION = YES;
				GCC_WARN_UNUSED_VARIABLE = YES;
				IPHONEOS_DEPLOYMENT_TARGET = 9.3;
				MTL_ENABLE_DEBUG_INFO = NO;
				SDKROOT = iphoneos;
				SWIFT_OPTIMIZATION_LEVEL = "-Owholemodule";
				TARGETED_DEVICE_FAMILY = "1,2";
				VALIDATE_PRODUCT = YES;
			};
			name = Release;
		};
		200AFAAC1CF170940079CCC3 /* Debug */ = {
			isa = XCBuildConfiguration;
			buildSettings = {
				ASSETCATALOG_COMPILER_APPICON_NAME = AppIcon;
				CODE_SIGN_IDENTITY = "iPhone Developer";
				INFOPLIST_FILE = Intro4/Info.plist;
				LD_RUNPATH_SEARCH_PATHS = "$(inherited) @executable_path/Frameworks";
				PRODUCT_BUNDLE_IDENTIFIER = com.swifticode.Intro4;
				PRODUCT_NAME = "$(TARGET_NAME)";
				SWIFT_SWIFT3_OBJC_INFERENCE = On;
				SWIFT_VERSION = 4.0;
			};
			name = Debug;
		};
		200AFAAD1CF170940079CCC3 /* Release */ = {
			isa = XCBuildConfiguration;
			buildSettings = {
				ASSETCATALOG_COMPILER_APPICON_NAME = AppIcon;
				CODE_SIGN_IDENTITY = "iPhone Developer";
				INFOPLIST_FILE = Intro4/Info.plist;
				LD_RUNPATH_SEARCH_PATHS = "$(inherited) @executable_path/Frameworks";
				PRODUCT_BUNDLE_IDENTIFIER = com.swifticode.Intro4;
				PRODUCT_NAME = "$(TARGET_NAME)";
				SWIFT_SWIFT3_OBJC_INFERENCE = On;
				SWIFT_VERSION = 4.0;
			};
			name = Release;
		};
		200AFAAF1CF170940079CCC3 /* Debug */ = {
			isa = XCBuildConfiguration;
			buildSettings = {
				BUNDLE_LOADER = "$(TEST_HOST)";
				INFOPLIST_FILE = Intro4Tests/Info.plist;
				LD_RUNPATH_SEARCH_PATHS = "$(inherited) @executable_path/Frameworks @loader_path/Frameworks";
				PRODUCT_BUNDLE_IDENTIFIER = com.swifticode.Intro4Tests;
				PRODUCT_NAME = "$(TARGET_NAME)";
				SWIFT_SWIFT3_OBJC_INFERENCE = On;
				SWIFT_VERSION = 4.0;
				TEST_HOST = "$(BUILT_PRODUCTS_DIR)/Intro4.app/Intro4";
			};
			name = Debug;
		};
		200AFAB01CF170940079CCC3 /* Release */ = {
			isa = XCBuildConfiguration;
			buildSettings = {
				BUNDLE_LOADER = "$(TEST_HOST)";
				INFOPLIST_FILE = Intro4Tests/Info.plist;
				LD_RUNPATH_SEARCH_PATHS = "$(inherited) @executable_path/Frameworks @loader_path/Frameworks";
				PRODUCT_BUNDLE_IDENTIFIER = com.swifticode.Intro4Tests;
				PRODUCT_NAME = "$(TARGET_NAME)";
				SWIFT_SWIFT3_OBJC_INFERENCE = On;
				SWIFT_VERSION = 4.0;
				TEST_HOST = "$(BUILT_PRODUCTS_DIR)/Intro4.app/Intro4";
			};
			name = Release;
		};
/* End XCBuildConfiguration section */

/* Begin XCConfigurationList section */
		200AFA891CF170940079CCC3 /* Build configuration list for PBXProject "Intro4" */ = {
			isa = XCConfigurationList;
			buildConfigurations = (
				200AFAA91CF170940079CCC3 /* Debug */,
				200AFAAA1CF170940079CCC3 /* Release */,
			);
			defaultConfigurationIsVisible = 0;
			defaultConfigurationName = Release;
		};
		200AFAAB1CF170940079CCC3 /* Build configuration list for PBXNativeTarget "Intro4" */ = {
			isa = XCConfigurationList;
			buildConfigurations = (
				200AFAAC1CF170940079CCC3 /* Debug */,
				200AFAAD1CF170940079CCC3 /* Release */,
			);
			defaultConfigurationIsVisible = 0;
			defaultConfigurationName = Release;
		};
		200AFAAE1CF170940079CCC3 /* Build configuration list for PBXNativeTarget "Intro4Tests" */ = {
			isa = XCConfigurationList;
			buildConfigurations = (
				200AFAAF1CF170940079CCC3 /* Debug */,
				200AFAB01CF170940079CCC3 /* Release */,
			);
			defaultConfigurationIsVisible = 0;
			defaultConfigurationName = Release;
		};
/* End XCConfigurationList section */
	};
	rootObject = 200AFA861CF170940079CCC3 /* Project object */;
}
